Microsoft Visual Studio Solution File, Format Version 11.00
# Visual Studio 2008

Project("{3B7437D4-3708-C9CD-A5C1-BED41D86F283}") = "CircularWorld", "Assembly-CSharp-firstpass.csproj", "{665A5EED-1538-8CD4-2CA0-5D72B28AFE43}"
EndProject
Project("{3B7437D4-3708-C9CD-A5C1-BED41D86F283}") = "CircularWorld", "Assembly-CSharp.csproj", "{4495678E-AB23-C830-70B7-AFE4F6BD599A}"
EndProject
Project("{3B7437D4-3708-C9CD-A5C1-BED41D86F283}") = "CircularWorld", "Assembly-CSharp-Editor-firstpass.csproj", "{2596FA9D-D373-F95A-16DB-9A21C8C15459}"
EndProject
Project("{3B7437D4-3708-C9CD-A5C1-BED41D86F283}") = "CircularWorld", "Assembly-CSharp-Editor.csproj", "{1845CD92-3157-AECF-5678-D23787F21460}"
EndProject
Project("{3B7437D4-3708-C9CD-A5C1-BED41D86F283}") = "CircularWorld", "Assembly-UnityScript.unityproj", "{09B0A7E4-1A09-5785-F756-255C399BD302}"
EndProject
Global
	GlobalSection(SolutionConfigurationPlatforms) = preSolution
		Debug|Any CPU = Debug|Any CPU
		Release|Any CPU = Release|Any CPU
	EndGlobalSection
	GlobalSection(ProjectConfigurationPlatforms) = postSolution
		{665A5EED-1538-8CD4-2CA0-5D72B28AFE43}.Debug|Any CPU.ActiveCfg = Debug|Any CPU
		{665A5EED-1538-8CD4-2CA0-5D72B28AFE43}.Debug|Any CPU.Build.0 = Debug|Any CPU
		{665A5EED-1538-8CD4-2CA0-5D72B28AFE43}.Release|Any CPU.ActiveCfg = Release|Any CPU
		{665A5EED-1538-8CD4-2CA0-5D72B28AFE43}.Release|Any CPU.Build.0 = Release|Any CPU
		{4495678E-AB23-C830-70B7-AFE4F6BD599A}.Debug|Any CPU.ActiveCfg = Debug|Any CPU
		{4495678E-AB23-C830-70B7-AFE4F6BD599A}.Debug|Any CPU.Build.0 = Debug|Any CPU
		{4495678E-AB23-C830-70B7-AFE4F6BD599A}.Release|Any CPU.ActiveCfg = Release|Any CPU
		{4495678E-AB23-C830-70B7-AFE4F6BD599A}.Release|Any CPU.Build.0 = Release|Any CPU
		{2596FA9D-D373-F95A-16DB-9A21C8C15459}.Debug|Any CPU.ActiveCfg = Debug|Any CPU
		{2596FA9D-D373-F95A-16DB-9A21C8C15459}.Debug|Any CPU.Build.0 = Debug|Any CPU
		{2596FA9D-D373-F95A-16DB-9A21C8C15459}.Release|Any CPU.ActiveCfg = Release|Any CPU
		{2596FA9D-D373-F95A-16DB-9A21C8C15459}.Release|Any CPU.Build.0 = Release|Any CPU
		{1845CD92-3157-AECF-5678-D23787F21460}.Debug|Any CPU.ActiveCfg = Debug|Any CPU
		{1845CD92-3157-AECF-5678-D23787F21460}.Debug|Any CPU.Build.0 = Debug|Any CPU
		{1845CD92-3157-AECF-5678-D23787F21460}.Release|Any CPU.ActiveCfg = Release|Any CPU
		{1845CD92-3157-AECF-5678-D23787F21460}.Release|Any CPU.Build.0 = Release|Any CPU
		{09B0A7E4-1A09-5785-F756-255C399BD302}.Debug|Any CPU.ActiveCfg = Debug|Any CPU
		{09B0A7E4-1A09-5785-F756-255C399BD302}.Debug|Any CPU.Build.0 = Debug|Any CPU
		{09B0A7E4-1A09-5785-F756-255C399BD302}.Release|Any CPU.ActiveCfg = Release|Any CPU
		{09B0A7E4-1A09-5785-F756-255C399BD302}.Release|Any CPU.Build.0 = Release|Any CPU
	EndGlobalSection
	GlobalSection(SolutionProperties) = preSolution
		HideSolutionNode = FALSE
	EndGlobalSection
																																																																																																																																																																																																																																																																																																																																																																																																																																																																																GlobalSection(MonoDevelopProperties) = preSolution
		StartupItem = Assembly-CSharp.csproj
		Policies = $0
		$0.TextStylePolicy = $1
		$1.inheritsSet = null
		$1.scope = text/x-csharp
		$0.CSharpFormattingPolicy = $2
		$2.inheritsSet = Mono
		$2.inheritsScope = text/x-csharp
		$2.scope = text/x-csharp
		$0.TextStylePolicy = $3
		$3.FileWidth = 120
		$3.TabWidth = 4
		$3.IndentWidth = 4
		$3.EolMarker = Unix
		$3.inheritsSet = Mono
		$3.inheritsScope = text/plain
		$3.scope = text/plain
	EndGlobalSection

EndGlobal
