
Microsoft Visual Studio Solution File, Format Version 12.00
# Visual Studio 2013
Project("{FAE04EC0-301F-11D3-BF4B-00C04F79EFBC}") = "UnityVS.CircularWorld.CSharp.Plugins", "UnityVS.CircularWorld.CSharp.Plugins.csproj", "{BDE65D5E-161F-0314-37B9-43C7D37C85C1}"
EndProject
Project("{FAE04EC0-301F-11D3-BF4B-00C04F79EFBC}") = "UnityVS.CircularWorld.CSharp", "UnityVS.CircularWorld.CSharp.csproj", "{41353686-C2C1-901F-F10B-AA0F30882718}"
EndProject
Project("{FAE04EC0-301F-11D3-BF4B-00C04F79EFBC}") = "UnityVS.CircularWorld.CSharp.Editor", "UnityVS.CircularWorld.CSharp.Editor.csproj", "{40FAA85D-B572-36B9-F722-14E600B4E75D}"
EndProject
Project("{FAE04EC0-301F-11D3-BF4B-00C04F79EFBC}") = "UnityVS.CircularWorld.CSharp.Editor.Plugins", "UnityVS.CircularWorld.CSharp.Editor.Plugins.csproj", "{30EEA3CA-AF0D-D9D0-68B3-8D190F4FA61F}"
EndProject
Global
	GlobalSection(SolutionConfigurationPlatforms) = preSolution
		Debug|Any CPU = Debug|Any CPU
		Release|Any CPU = Release|Any CPU
	EndGlobalSection
	GlobalSection(ProjectConfigurationPlatforms) = postSolution
		{BDE65D5E-161F-0314-37B9-43C7D37C85C1}.Debug|Any CPU.ActiveCfg = Debug|Any CPU
		{BDE65D5E-161F-0314-37B9-43C7D37C85C1}.Debug|Any CPU.Build.0 = Debug|Any CPU
		{BDE65D5E-161F-0314-37B9-43C7D37C85C1}.Release|Any CPU.ActiveCfg = Release|Any CPU
		{BDE65D5E-161F-0314-37B9-43C7D37C85C1}.Release|Any CPU.Build.0 = Release|Any CPU
		{41353686-C2C1-901F-F10B-AA0F30882718}.Debug|Any CPU.ActiveCfg = Debug|Any CPU
		{41353686-C2C1-901F-F10B-AA0F30882718}.Debug|Any CPU.Build.0 = Debug|Any CPU
		{41353686-C2C1-901F-F10B-AA0F30882718}.Release|Any CPU.ActiveCfg = Release|Any CPU
		{41353686-C2C1-901F-F10B-AA0F30882718}.Release|Any CPU.Build.0 = Release|Any CPU
		{40FAA85D-B572-36B9-F722-14E600B4E75D}.Debug|Any CPU.ActiveCfg = Debug|Any CPU
		{40FAA85D-B572-36B9-F722-14E600B4E75D}.Debug|Any CPU.Build.0 = Debug|Any CPU
		{40FAA85D-B572-36B9-F722-14E600B4E75D}.Release|Any CPU.ActiveCfg = Release|Any CPU
		{40FAA85D-B572-36B9-F722-14E600B4E75D}.Release|Any CPU.Build.0 = Release|Any CPU
		{30EEA3CA-AF0D-D9D0-68B3-8D190F4FA61F}.Debug|Any CPU.ActiveCfg = Debug|Any CPU
		{30EEA3CA-AF0D-D9D0-68B3-8D190F4FA61F}.Debug|Any CPU.Build.0 = Debug|Any CPU
		{30EEA3CA-AF0D-D9D0-68B3-8D190F4FA61F}.Release|Any CPU.ActiveCfg = Release|Any CPU
		{30EEA3CA-AF0D-D9D0-68B3-8D190F4FA61F}.Release|Any CPU.Build.0 = Release|Any CPU
	EndGlobalSection
	GlobalSection(SolutionProperties) = preSolution
		HideSolutionNode = FALSE
	EndGlobalSection
EndGlobal
